
Microsoft Visual Studio Solution File, Format Version 12.00
# Visual Studio Version 17
VisualStudioVersion = 17.12.35707.178
MinimumVisualStudioVersion = 10.0.40219.1
Project("{FAE04EC0-301F-11D3-BF4B-00C04F79EFBC}") = "Cross Platform System Monitor", "Cross Platform System Monitor\Cross Platform System Monitor.csproj", "{BDD79AE8-031E-4BB4-AFFF-76A1A0FDD585}"
EndProject
Project("{FAE04EC0-301F-11D3-BF4B-00C04F79EFBC}") = "IMonitorPluginBase", "IMonitorPlugin\IMonitorPluginBase.csproj", "{3CCCA100-3B6F-5F0C-017C-A2180EC3E2A8}"
EndProject
Project("{FAE04EC0-301F-11D3-BF4B-00C04F79EFBC}") = "Logger", "Logger\Logger.csproj", "{C000A97B-2D46-7DE7-E934-66D7144D4963}"
EndProject
Project("{FAE04EC0-301F-11D3-BF4B-00C04F79EFBC}") = "Publisher", "Publisher\Publisher.csproj", "{D211BC57-D804-4254-9237-04DBDBBAB38D}"
EndProject
Project("{FAE04EC0-301F-11D3-BF4B-00C04F79EFBC}") = "CrossPlatformSystemMonitorTest", "CrossPlatformSystemMonitorTest\CrossPlatformSystemMonitorTest.csproj", "{8A365ADB-CD00-49D9-B400-4A2D81C4C70D}"
EndProject
Global
	GlobalSection(SolutionConfigurationPlatforms) = preSolution
		Debug|Any CPU = Debug|Any CPU
		Release|Any CPU = Release|Any CPU
	EndGlobalSection
	GlobalSection(ProjectConfigurationPlatforms) = postSolution
		{BDD79AE8-031E-4BB4-AFFF-76A1A0FDD585}.Debug|Any CPU.ActiveCfg = Debug|Any CPU
		{BDD79AE8-031E-4BB4-AFFF-76A1A0FDD585}.Debug|Any CPU.Build.0 = Debug|Any CPU
		{BDD79AE8-031E-4BB4-AFFF-76A1A0FDD585}.Release|Any CPU.ActiveCfg = Release|Any CPU
		{BDD79AE8-031E-4BB4-AFFF-76A1A0FDD585}.Release|Any CPU.Build.0 = Release|Any CPU
		{3CCCA100-3B6F-5F0C-017C-A2180EC3E2A8}.Debug|Any CPU.ActiveCfg = Debug|Any CPU
		{3CCCA100-3B6F-5F0C-017C-A2180EC3E2A8}.Debug|Any CPU.Build.0 = Debug|Any CPU
		{3CCCA100-3B6F-5F0C-017C-A2180EC3E2A8}.Release|Any CPU.ActiveCfg = Release|Any CPU
		{3CCCA100-3B6F-5F0C-017C-A2180EC3E2A8}.Release|Any CPU.Build.0 = Release|Any CPU
		{C000A97B-2D46-7DE7-E934-66D7144D4963}.Debug|Any CPU.ActiveCfg = Debug|Any CPU
		{C000A97B-2D46-7DE7-E934-66D7144D4963}.Debug|Any CPU.Build.0 = Debug|Any CPU
		{C000A97B-2D46-7DE7-E934-66D7144D4963}.Release|Any CPU.ActiveCfg = Release|Any CPU
		{C000A97B-2D46-7DE7-E934-66D7144D4963}.Release|Any CPU.Build.0 = Release|Any CPU
		{D211BC57-D804-4254-9237-04DBDBBAB38D}.Debug|Any CPU.ActiveCfg = Debug|Any CPU
		{D211BC57-D804-4254-9237-04DBDBBAB38D}.Debug|Any CPU.Build.0 = Debug|Any CPU
		{D211BC57-D804-4254-9237-04DBDBBAB38D}.Release|Any CPU.ActiveCfg = Release|Any CPU
		{D211BC57-D804-4254-9237-04DBDBBAB38D}.Release|Any CPU.Build.0 = Release|Any CPU
		{8A365ADB-CD00-49D9-B400-4A2D81C4C70D}.Debug|Any CPU.ActiveCfg = Debug|Any CPU
		{8A365ADB-CD00-49D9-B400-4A2D81C4C70D}.Debug|Any CPU.Build.0 = Debug|Any CPU
		{8A365ADB-CD00-49D9-B400-4A2D81C4C70D}.Release|Any CPU.ActiveCfg = Release|Any CPU
		{8A365ADB-CD00-49D9-B400-4A2D81C4C70D}.Release|Any CPU.Build.0 = Release|Any CPU
	EndGlobalSection
	GlobalSection(SolutionProperties) = preSolution
		HideSolutionNode = FALSE
	EndGlobalSection
	GlobalSection(ExtensibilityGlobals) = postSolution
		SolutionGuid = {55930DA7-33F4-4CDB-8CD1-9D12D7F99CD8}
	EndGlobalSection
EndGlobal
